lockfileVersion: '9.0'

settings:
  autoInstallPeers: true
  excludeLinksFromLockfile: false

importers:

  .:
    devDependencies:
      '@types/node':
        specifier: ^25.7.0
        version: 25.7.0
      turbo:
        specifier: ^2.9.12
        version: 2.9.12

  apps/sim-cli:
    dependencies:
      '@unuko/adapter-pkcs11':
        specifier: workspace:*
        version: link:../../packages/adapter-pkcs11
      '@unuko/adapter-ueransim':
        specifier: workspace:*
        version: link:../../packages/adapter-ueransim
      '@unuko/core':
        specifier: workspace:*
        version: link:../../packages/core
      '@unuko/workflows':
        specifier: workspace:*
        version: link:../../packages/workflows
      xstate:
        specifier: ^5.31.1
        version: 5.31.1

  packages/adapter-pkcs11:
    dependencies:
      '@unuko/core':
        specifier: workspace:*
        version: link:../core
      pkcs11js:
        specifier: ^1.3.1
        version: 1.3.1
    devDependencies:
      '@types/node':
        specifier: ^20.0.0
        version: 20.19.41
      typescript:
        specifier: ^5.0.0
        version: 5.9.3

  packages/adapter-ueransim:
    dependencies:
      '@unuko/core':
        specifier: workspace:*
        version: link:../core
    devDependencies:
      '@types/node':
        specifier: ^20.0.0
        version: 20.19.41
      typescript:
        specifier: ^5.0.0
        version: 5.9.3

  packages/core:
    devDependencies:
      typescript:
        specifier: ^5.0.0
        version: 5.9.3

  packages/workflows:
    dependencies:
      '@unuko/core':
        specifier: workspace:*
        version: link:../core
      xstate:
        specifier: ^5.0.0
        version: 5.31.1
    devDependencies:
      typescript:
        specifier: ^5.0.0
        version: 5.9.3

packages:

  '@turbo/darwin-64@2.9.12':
    resolution: {integrity: sha512-eu3eFRmE9NjgZ0wPdRJ44l+LGSeIky+tz5ZQd8zQkw/Yqi+BM7wq+8nbabeoiVUcICi/IZweMOKl/MCmkrd1+g==}
    cpu: [x64]
    os: [darwin]

  '@turbo/darwin-arm64@2.9.12':
    resolution: {integrity: sha512-RUkAE404z/J8NsyrUosMcBaXT6M4bRFxTQrmkDQBLQVXaC8Jl0e9bMvYDSX0GW7Ffm2m3j9y7RXgR1foeUAM9w==}
    cpu: [arm64]
    os: [darwin]

  '@turbo/linux-64@2.9.12':
    resolution: {integrity: sha512-InIUtH7cw/vqXNX1Gr7QgWfmw3ct08pV5CpfdEOR48z2u2rzdmpIuk00B/Q2xCb0PMWtKgiMQynfuphmEuUyTQ==}
    cpu: [x64]
    os: [linux]

  '@turbo/linux-arm64@2.9.12':
    resolution: {integrity: sha512-lC6nD//Xh67fmJM0LKaLsg74Wry0aYrgMklpiNgCbUaMdPIOqj0A00iri3NU7Lb7pZHx8ViisgpeDKlpSgFUCA==}
    cpu: [arm64]
    os: [linux]

  '@turbo/windows-64@2.9.12':
    resolution: {integrity: sha512-conYri8VUl72JOdYnLDPYwzqbPcY5ECoHmo9FWoKznemhaAIilj4maHqs9Uar0aKfNoZIULniy+6iWaLtLO34A==}
    cpu: [x64]
    os: [win32]

  '@turbo/windows-arm64@2.9.12':
    resolution: {integrity: sha512-XoR4bsg62/L/esRVcmoMESEiNZ36+YmyjYGLpoqk8nwMgXzzVjNOgX0lRSz5w/U/ajLGv3nhMsS0Q2QOdvp2AQ==}
    cpu: [arm64]
    os: [win32]

  '@types/node@20.19.41':
    resolution: {integrity: sha512-ECymXOukMnOoVkC2bb1Vc/w/836DXncOg5m8Xj1RH7xSHZJWNYY6Zh7EH477vcnD5egKNNfy2RpNOmuChhFPgQ==}

  '@types/node@25.7.0':
    resolution: {integrity: sha512-z+pdZyxE+RTQE9AcboAZCb4otwcrvgHD+GlBpPgn0emDVt0ohrTMhAwlr2Wd9nZ+nihhYFxO2pThz3C5qSu2Eg==}

  nan@2.27.0:
    resolution: {integrity: sha512-hC+0LidcL3XE4rp1C4H54KujgXKzbfyTngZTwBByQxsOxCEKZT0MPQ4hOKUH2jU1OYstqdDH4onyHPDzcV0XdQ==}

  pkcs11js@1.3.1:
    resolution: {integrity: sha512-eo7fTeQwYGzX1pFmRaf4ji/WcDW2XKpwqylOwzutsjNWECv6G9PzDHj3Yj5dX9EW/fydMnJG8xvWj/btnQT9TA==}

  turbo@2.9.12:
    resolution: {integrity: sha512-lCPgus1NuTiBdaITWqzSH/Ff6HVL8HHGBtOXHg1dHRfcshN79XkygSdh0M6g8b0td91ILLG5MTkLOkp5UvyPJw==}
    hasBin: true

  typescript@5.9.3:
    resolution: {integrity: sha512-jl1vZzPDinLr9eUt3J/t7V6FgNEw9QjvBPdysz9KfQDD41fQrC2Y4vKQdiaUpFT4bXlb1RHhLpp8wtm6M5TgSw==}
    engines: {node: '>=14.17'}
    hasBin: true

  undici-types@6.21.0:
    resolution: {integrity: sha512-iwDZqg0QAGrg9Rav5H4n0M64c3mkR59cJ6wQp+7C4nI0gsmExaedaYLNO44eT4AtBBwjbTiGPMlt2Md0T9H9JQ==}

  undici-types@7.21.0:
    resolution: {integrity: sha512-w9IMgQrz4O0YN1LtB7K5P63vhlIOvC7opSmouCJ+ZywlPAlO9gIkJ+otk6LvGpAs2wg4econaCz3TvQ9xPoyuQ==}

  xstate@5.31.1:
    resolution: {integrity: sha512-3P7t7GQ61BvLu+8Cj6Zq7rcS34vecL9pvfN2ucUWmIFIUG+rAREviOs4Xy4OO3BuJHSz6RLU8eqDXxSbVotjDQ==}

snapshots:

  '@turbo/darwin-64@2.9.12':
    optional: true

  '@turbo/darwin-arm64@2.9.12':
    optional: true

  '@turbo/linux-64@2.9.12':
    optional: true

  '@turbo/linux-arm64@2.9.12':
    optional: true

  '@turbo/windows-64@2.9.12':
    optional: true

  '@turbo/windows-arm64@2.9.12':
    optional: true

  '@types/node@20.19.41':
    dependencies:
      undici-types: 6.21.0

  '@types/node@25.7.0':
    dependencies:
      undici-types: 7.21.0

  nan@2.27.0: {}

  pkcs11js@1.3.1:
    dependencies:
      nan: 2.27.0

  turbo@2.9.12:
    optionalDependencies:
      '@turbo/darwin-64': 2.9.12
      '@turbo/darwin-arm64': 2.9.12
      '@turbo/linux-64': 2.9.12
      '@turbo/linux-arm64': 2.9.12
      '@turbo/windows-64': 2.9.12
      '@turbo/windows-arm64': 2.9.12

  typescript@5.9.3: {}

  undici-types@6.21.0: {}

  undici-types@7.21.0: {}

  xstate@5.31.1: {}
